{
  "version": 4,
  "terraform_version": "1.3.7",
  "serial": 44,
  "lineage": "1205695b-2b15-21f9-fef8-e2f695bfb372",
  "outputs": {
    "lb_dns": {
      "value": "aws-ecommerce-lb-1027127208.us-east-1.elb.amazonaws.com",
      "type": "string"
    }
  },
  "resources": [
    {
      "mode": "data",
      "type": "aws_ecr_authorization_token",
      "name": "auth_token",
      "provider": "provider[\"registry.terraform.io/hashicorp/aws\"]",
      "instances": [
        {
          "schema_version": 0,
          "attributes": {
            "authorization_token": "QVdTOmV5SndZWGxzYjJGa0lqb2lXRTFVTW1OaVJGUnZRalJIYVZsTVJGSjFjVFZQUlVKQ1JFRmxSRlJSVnpBMVowYzJhV1JuUmxsTmF6WnBTbEJMVTBWR2QydFZVVXh1U3k5dVFsSk5XVTF3TUVGNmJXaHJReTlJSzB0MGVDOXFaRzV0U1dSMWQxZFdNakV5WlhSSk5YVlhVRFJRWmtJNVRGbEtXbko1YUZCc09HOUNObTVTTW5oMVNrdDRSMmxGVldaRGR6ZEdjVFJRV21keFpXZE5jSGhxYldKbVFsbDZSMk5RTDBaUlVtZDFhRTlhVGpWM1l6ZEljVEozZVVKTlNHOUNOVEJ1ZUVnNGJHcFZlamt3WWpRcmFHVTNOSEZYYURWSlZteFRWM3BRVFRBclJXNDNUekZEY2xaTE9GYzRjRmhUWTFCbVduUjRaRkpIUmtGTWF6TjBZalJDYlZOdlFXbFJWWEEzZG1ZcmRHVjVVbGRYYnpRMk1HMVFkWHBrUTJseFNsbDRSMHc1ZDJSM1JIRkliMnhGTDBveEswZEtNMVpZV2xNeGQyeE9SMU0yUm5kSE5tRklWVGxZV2twQ2VETkxVWEpIU0cweGFsQk9aM2MwZUVSSk5HOXFVMXBuYUVOQmQwbFVObEpLV214R0wxZFRjU3QwTlRWV1ZEaEViR1p5Y25kWVRFWkJhV1FyUlVkcFVERmtSak5PWkhaQk9YcFBNV3BHU1VWQmVUTmpkM0prY2xCVmNGRlpTMGh5Y2s4Mk1YbEVSVUZQVlhaMVRqVTFhVE50T0RJeVJua3hNamx6ZFVOa2JtaDFUV0ZyUzNnemFWVnhWSFZUWlhwc09VWTJhbGxCVFU1d1RWTkxSRVZPV0hoa2EwMW1NV2hsWkRWRFVIWkpZakkwUlhoUldrVk1SSG93V0haalZHTm1lRlU1YkVWcUwzaDJaMVpOVEZCeWFHTlBWemN6VTFBM1ZrRTRTMHhRYzNsak1GUm9XakJIWmxCRVEwTTRlRkpTTWswNE1tdHhTMk40VURWR1JrbFllV2t5VEV4VFpqSTNObUp0YzFKYU56Rk5VbllyWjA5VWVpOWplazVMVUhkUlVVSXplWEo0YTBjMVJFZENRM3BWU1VSQlUycFZNRFpTUm14ck5qbE1SVkpxYlZoWllpdEZlbXhTYkhoVlMwRlhVMmt2Y2pRMFJtVkNSME0xVlVOb2RrVnRkbHB3YUZWNFNYbEliRXMyYWxBMFMyTlRlUzlHYXpocGRub3JWa2R0ZVVWUlkwazFOSE42UmtkcFdWWlFkMGh2VlZSSldrRk1hMVF6ZGpkVlFWazViRTVJVVZSMGREaEtaRTFzVkc1d2FFNWFXaTk0V0ZsU05VbENTRXN3UWt4QmJXOHlUVFJDVW10MU4yVjVXV1ZOWlhGdWRFTjJWbFZLUVRaMU1rZE5OMXBLVjNNM1NqSkNNRlYxUVdzMFFXbDJkVVJ1YlVGTVIyNTFLM2RJVlVGbk4zZHBNMVZVWmxGdWRYVlFUR1ozVlhCamJuVk5UM28xTDJGUlFsZFRjV1JhU21ONVJqWlRWMHBVY1ROdlZFd3ZPVFZHWmpWeFZrcGxSV3hNZG1NeVdrVjFVRFpqY25Wck0zWjZXRnBKYzNKcFdYbEtRaTlqYkd0bk5IQXdWM1JITW01aFZGUkVjalF4YUU1dWVHOVZLMGxOVFZsblEwVkNZblZNTUUxTGRHMUtMM0V2U2pOR1YyaFRSR3huVFRkSWVFaHBWRFZPZUd3MGQxaHZhMmdyUVZwbWEzTTFieTg1U0RCdVR6WldjakpKV0dVNWVtbHNhaXRLYjJaSldraG5Na2QyYXpONFpGRlhjalJ5YlUwMWR6MDlJaXdpWkdGMFlXdGxlU0k2SWtGUlJVSkJTR2gzYlRCWllVbFRTbVZTZEVwdE5XNHhSeloxY1dWbGExaDFiMWhZVUdVMVZVWmpaVGxTY1Rndk1UUjNRVUZCU0RSM1prRlpTa3R2V2tsb2RtTk9RVkZqUjI5SE9IZGlVVWxDUVVSQ2IwSm5hM0ZvYTJsSE9YY3dRa0ozUlhkSVoxbEtXVWxhU1VGWFZVUkNRVVYxVFVKRlJVUkJja2cyYTNocE9EVlFhVVl4Ylhab2QwbENSVWxCTjNoeWFEUTRkbE4xZGs1SVZUaHpibVl6VDNwWVprdzVSV1ExVjBGYU4zUXJiMmcyTDFsSVEwaDZOWGxYUWs1QldGQnVablIzZWxaWFpVUjRVQ3R2UjNKS2RWVXJaRVF3VW5aT2JrZzRWRlU5SWl3aWRtVnljMmx2YmlJNklqSWlMQ0owZVhCbElqb2lSRUZVUVY5TFJWa2lMQ0psZUhCcGNtRjBhVzl1SWpveE5qZzFOREl6TVRJMWZRPT0=",
            "expires_at": "2023-05-30T05:05:25Z",
            "id": "us-east-1",
            "password": "eyJwYXlsb2FkIjoiWE1UMmNiRFRvQjRHaVlMRFJ1cTVPRUJCREFlRFRRVzA1Z0c2aWRnRllNazZpSlBLU0VGd2tVUUxuSy9uQlJNWU1wMEF6bWhrQy9IK0t0eC9qZG5tSWR1d1dWMjEyZXRJNXVXUDRQZkI5TFlKWnJ5aFBsOG9CNm5SMnh1Skt4R2lFVWZDdzdGcTRQWmdxZWdNcHhqbWJmQll6R2NQL0ZRUmd1aE9aTjV3YzdIcTJ3eUJNSG9CNTBueEg4bGpVejkwYjQraGU3NHFXaDVJVmxTV3pQTTArRW43TzFDclZLOFc4cFhTY1BmWnR4ZFJHRkFMazN0YjRCbVNvQWlRVXA3dmYrdGV5UldXbzQ2MG1QdXpkQ2lxSll4R0w5d2R3RHFIb2xFL0oxK0dKM1ZYWlMxd2xOR1M2RndHNmFIVTlYWkpCeDNLUXJHSG0xalBOZ3c0eERJNG9qU1pnaENBd0lUNlJKWmxGL1dTcSt0NTVWVDhEbGZycndYTEZBaWQrRUdpUDFkRjNOZHZBOXpPMWpGSUVBeTNjd3JkclBVcFFZS0hyck82MXlERUFPVXZ1TjU1aTNtODIyRnkxMjlzdUNkbmh1TWFrS3gzaVVxVHVTZXpsOUY2allBTU5wTVNLREVOWHhka01mMWhlZDVDUHZJYjI0RXhRWkVMRHowWHZjVGNmeFU5bEVqL3h2Z1ZNTFByaGNPVzczU1A3VkE4S0xQc3ljMFRoWjBHZlBEQ0M4eFJSMk04MmtxS2N4UDVGRklYeWkyTExTZjI3NmJtc1JaNzFNUnYrZ09Uei9jek5LUHdRUUIzeXJ4a0c1REdCQ3pVSURBU2pVMDZSRmxrNjlMRVJqbVhZYitFemxSbHhVS0FXU2kvcjQ0RmVCR0M1VUNodkVtdlpwaFV4SXlIbEs2alA0S2NTeS9GazhpdnorVkdteUVRY0k1NHN6RkdpWVZQd0hvVVRJWkFMa1QzdjdVQVk5bE5IUVR0dDhKZE1sVG5waE5aWi94WFlSNUlCSEswQkxBbW8yTTRCUmt1N2V5WWVNZXFudEN2VlVKQTZ1MkdNN1pKV3M3SjJCMFV1QWs0QWl2dURubUFMR251K3dIVUFnN3dpM1VUZlFudXVQTGZ3VXBjbnVNT3o1L2FRQldTcWRaSmN5RjZTV0pUcTNvVEwvOTVGZjVxVkplRWxMdmMyWkV1UDZjcnVrM3Z6WFpJc3JpWXlKQi9jbGtnNHAwV3RHMm5hVFREcjQxaE5ueG9VK0lNTVlnQ0VCYnVMME1LdG1KL3EvSjNGV2hTRGxnTTdIeEhpVDVOeGw0d1hva2grQVpma3M1by85SDBuTzZWcjJJWGU5emlsaitKb2ZJWkhnMkd2azN4ZFFXcjRybU01dz09IiwiZGF0YWtleSI6IkFRRUJBSGh3bTBZYUlTSmVSdEptNW4xRzZ1cWVla1h1b1hYUGU1VUZjZTlScTgvMTR3QUFBSDR3ZkFZSktvWklodmNOQVFjR29HOHdiUUlCQURCb0Jna3Foa2lHOXcwQkJ3RXdIZ1lKWUlaSUFXVURCQUV1TUJFRURBckg2a3hpODVQaUYxbXZod0lCRUlBN3hyaDQ4dlN1dk5IVThzbmYzT3pYZkw5RWQ1V0FaN3Qrb2g2L1lIQ0h6NXlXQk5BWFBuZnR3elZXZUR4UCtvR3JKdVUrZEQwUnZObkg4VFU9IiwidmVyc2lvbiI6IjIiLCJ0eXBlIjoiREFUQV9LRVkiLCJleHBpcmF0aW9uIjoxNjg1NDIzMTI1fQ==",
            "proxy_endpoint": "https://749762929334.dkr.ecr.us-east-1.amazonaws.com",
            "registry_id": null,
            "user_name": "AWS"
          },
          "sensitive_attributes": []
        }
      ]
    },
    {
      "mode": "data",
      "type": "aws_iam_policy_document",
      "name": "assume_role_policy",
      "provider": "provider[\"registry.terraform.io/hashicorp/aws\"]",
      "instances": [
        {
          "schema_version": 0,
          "attributes": {
            "id": "320642683",
            "json": "{\n  \"Version\": \"2012-10-17\",\n  \"Statement\": [\n    {\n      \"Sid\": \"\",\n      \"Effect\": \"Allow\",\n      \"Action\": \"sts:AssumeRole\",\n      \"Principal\": {\n        \"Service\": \"ecs-tasks.amazonaws.com\"\n      }\n    }\n  ]\n}",
            "override_json": null,
            "override_policy_documents": null,
            "policy_id": null,
            "source_json": null,
            "source_policy_documents": null,
            "statement": [
              {
                "actions": [
                  "sts:AssumeRole"
                ],
                "condition": [],
                "effect": "Allow",
                "not_actions": [],
                "not_principals": [],
                "not_resources": [],
                "principals": [
                  {
                    "identifiers": [
                      "ecs-tasks.amazonaws.com"
                    ],
                    "type": "Service"
                  }
                ],
                "resources": [],
                "sid": ""
              }
            ],
            "version": "2012-10-17"
          },
          "sensitive_attributes": []
        }
      ]
    },
    {
      "mode": "managed",
      "type": "aws_alb",
      "name": "aws-ecommerce-lb",
      "provider": "provider[\"registry.terraform.io/hashicorp/aws\"]",
      "instances": [
        {
          "schema_version": 0,
          "attributes": {
            "access_logs": [
              {
                "bucket": "",
                "enabled": false,
                "prefix": ""
              }
            ],
            "arn": "arn:aws:elasticloadbalancing:us-east-1:749762929334:loadbalancer/app/aws-ecommerce-lb/de38c69887c789e5",
            "arn_suffix": "app/aws-ecommerce-lb/de38c69887c789e5",
            "customer_owned_ipv4_pool": "",
            "desync_mitigation_mode": "defensive",
            "dns_name": "aws-ecommerce-lb-1027127208.us-east-1.elb.amazonaws.com",
            "drop_invalid_header_fields": false,
            "enable_cross_zone_load_balancing": true,
            "enable_deletion_protection": false,
            "enable_http2": true,
            "enable_tls_version_and_cipher_suite_headers": false,
            "enable_waf_fail_open": false,
            "enable_xff_client_port": false,
            "id": "arn:aws:elasticloadbalancing:us-east-1:749762929334:loadbalancer/app/aws-ecommerce-lb/de38c69887c789e5",
            "idle_timeout": 60,
            "internal": false,
            "ip_address_type": "ipv4",
            "load_balancer_type": "application",
            "name": "aws-ecommerce-lb",
            "name_prefix": null,
            "preserve_host_header": false,
            "security_groups": [
              "sg-0c74c2c743cadf87e"
            ],
            "subnet_mapping": [
              {
                "allocation_id": "",
                "ipv6_address": "",
                "outpost_id": "",
                "private_ipv4_address": "",
                "subnet_id": "subnet-02f5f837a3c8ee90b"
              },
              {
                "allocation_id": "",
                "ipv6_address": "",
                "outpost_id": "",
                "private_ipv4_address": "",
                "subnet_id": "subnet-09ee0f2db5900fc05"
              },
              {
                "allocation_id": "",
                "ipv6_address": "",
                "outpost_id": "",
                "private_ipv4_address": "",
                "subnet_id": "subnet-0a626c0b6f391dc1c"
              }
            ],
            "subnets": [
              "subnet-02f5f837a3c8ee90b",
              "subnet-09ee0f2db5900fc05",
              "subnet-0a626c0b6f391dc1c"
            ],
            "tags": null,
            "tags_all": {},
            "timeouts": null,
            "vpc_id": "vpc-0e639156a6f4820d7",
            "xff_header_processing_mode": "append",
            "zone_id": "Z35SXDOTRQ7X7K"
          },
          "sensitive_attributes": [],
          "private": "eyJlMmJmYjczMC1lY2FhLTExZTYtOGY4OC0zNDM2M2JjN2M0YzAiOnsiY3JlYXRlIjo2MDAwMDAwMDAwMDAsImRlbGV0ZSI6NjAwMDAwMDAwMDAwLCJ1cGRhdGUiOjYwMDAwMDAwMDAwMH19",
          "dependencies": [
            "aws_default_subnet.default_subnet_a",
            "aws_default_subnet.default_subnet_b",
            "aws_default_subnet.default_subnet_c",
            "aws_security_group.aws-ecommerce-lb_security_group"
          ]
        }
      ]
    },
    {
      "mode": "managed",
      "type": "aws_default_subnet",
      "name": "default_subnet_a",
      "provider": "provider[\"registry.terraform.io/hashicorp/aws\"]",
      "instances": [
        {
          "schema_version": 1,
          "attributes": {
            "arn": "arn:aws:ec2:us-east-1:749762929334:subnet/subnet-02f5f837a3c8ee90b",
            "assign_ipv6_address_on_creation": false,
            "availability_zone": "us-east-1a",
            "availability_zone_id": "use1-az1",
            "cidr_block": "172.31.0.0/20",
            "customer_owned_ipv4_pool": "",
            "enable_dns64": false,
            "enable_lni_at_device_index": 0,
            "enable_resource_name_dns_a_record_on_launch": false,
            "enable_resource_name_dns_aaaa_record_on_launch": false,
            "existing_default_subnet": true,
            "force_destroy": false,
            "id": "subnet-02f5f837a3c8ee90b",
            "ipv6_cidr_block": "",
            "ipv6_cidr_block_association_id": "",
            "ipv6_native": false,
            "map_customer_owned_ip_on_launch": false,
            "map_public_ip_on_launch": true,
            "outpost_arn": "",
            "owner_id": "749762929334",
            "private_dns_hostname_type_on_launch": "ip-name",
            "tags": null,
            "tags_all": {},
            "timeouts": null,
            "vpc_id": "vpc-0e639156a6f4820d7"
          },
          "sensitive_attributes": [],
          "private": "eyJlMmJmYjczMC1lY2FhLTExZTYtOGY4OC0zNDM2M2JjN2M0YzAiOnsiY3JlYXRlIjo2MDAwMDAwMDAwMDAsImRlbGV0ZSI6MTIwMDAwMDAwMDAwMH0sInNjaGVtYV92ZXJzaW9uIjoiMSJ9"
        }
      ]
    },
    {
      "mode": "managed",
      "type": "aws_default_subnet",
      "name": "default_subnet_b",
      "provider": "provider[\"registry.terraform.io/hashicorp/aws\"]",
      "instances": [
        {
          "schema_version": 1,
          "attributes": {
            "arn": "arn:aws:ec2:us-east-1:749762929334:subnet/subnet-09ee0f2db5900fc05",
            "assign_ipv6_address_on_creation": false,
            "availability_zone": "us-east-1b",
            "availability_zone_id": "use1-az2",
            "cidr_block": "172.31.80.0/20",
            "customer_owned_ipv4_pool": "",
            "enable_dns64": false,
            "enable_lni_at_device_index": 0,
            "enable_resource_name_dns_a_record_on_launch": false,
            "enable_resource_name_dns_aaaa_record_on_launch": false,
            "existing_default_subnet": true,
            "force_destroy": false,
            "id": "subnet-09ee0f2db5900fc05",
            "ipv6_cidr_block": "",
            "ipv6_cidr_block_association_id": "",
            "ipv6_native": false,
            "map_customer_owned_ip_on_launch": false,
            "map_public_ip_on_launch": true,
            "outpost_arn": "",
            "owner_id": "749762929334",
            "private_dns_hostname_type_on_launch": "ip-name",
            "tags": null,
            "tags_all": {},
            "timeouts": null,
            "vpc_id": "vpc-0e639156a6f4820d7"
          },
          "sensitive_attributes": [],
          "private": "eyJlMmJmYjczMC1lY2FhLTExZTYtOGY4OC0zNDM2M2JjN2M0YzAiOnsiY3JlYXRlIjo2MDAwMDAwMDAwMDAsImRlbGV0ZSI6MTIwMDAwMDAwMDAwMH0sInNjaGVtYV92ZXJzaW9uIjoiMSJ9"
        }
      ]
    },
    {
      "mode": "managed",
      "type": "aws_default_subnet",
      "name": "default_subnet_c",
      "provider": "provider[\"registry.terraform.io/hashicorp/aws\"]",
      "instances": [
        {
          "schema_version": 1,
          "attributes": {
            "arn": "arn:aws:ec2:us-east-1:749762929334:subnet/subnet-0a626c0b6f391dc1c",
            "assign_ipv6_address_on_creation": false,
            "availability_zone": "us-east-1c",
            "availability_zone_id": "use1-az4",
            "cidr_block": "172.31.16.0/20",
            "customer_owned_ipv4_pool": "",
            "enable_dns64": false,
            "enable_lni_at_device_index": 0,
            "enable_resource_name_dns_a_record_on_launch": false,
            "enable_resource_name_dns_aaaa_record_on_launch": false,
            "existing_default_subnet": true,
            "force_destroy": false,
            "id": "subnet-0a626c0b6f391dc1c",
            "ipv6_cidr_block": "",
            "ipv6_cidr_block_association_id": "",
            "ipv6_native": false,
            "map_customer_owned_ip_on_launch": false,
            "map_public_ip_on_launch": true,
            "outpost_arn": "",
            "owner_id": "749762929334",
            "private_dns_hostname_type_on_launch": "ip-name",
            "tags": null,
            "tags_all": {},
            "timeouts": null,
            "vpc_id": "vpc-0e639156a6f4820d7"
          },
          "sensitive_attributes": [],
          "private": "eyJlMmJmYjczMC1lY2FhLTExZTYtOGY4OC0zNDM2M2JjN2M0YzAiOnsiY3JlYXRlIjo2MDAwMDAwMDAwMDAsImRlbGV0ZSI6MTIwMDAwMDAwMDAwMH0sInNjaGVtYV92ZXJzaW9uIjoiMSJ9"
        }
      ]
    },
    {
      "mode": "managed",
      "type": "aws_default_vpc",
      "name": "default_vpc",
      "provider": "provider[\"registry.terraform.io/hashicorp/aws\"]",
      "instances": [
        {
          "schema_version": 1,
          "attributes": {
            "arn": "arn:aws:ec2:us-east-1:749762929334:vpc/vpc-0e639156a6f4820d7",
            "assign_generated_ipv6_cidr_block": false,
            "cidr_block": "172.31.0.0/16",
            "default_network_acl_id": "acl-060510226308c23c9",
            "default_route_table_id": "rtb-0524f318ef048885f",
            "default_security_group_id": "sg-03298fdad254adb19",
            "dhcp_options_id": "dopt-0606ec9d688bb11af",
            "enable_classiclink": false,
            "enable_classiclink_dns_support": false,
            "enable_dns_hostnames": true,
            "enable_dns_support": true,
            "enable_network_address_usage_metrics": false,
            "existing_default_vpc": true,
            "force_destroy": false,
            "id": "vpc-0e639156a6f4820d7",
            "instance_tenancy": "default",
            "ipv6_association_id": "",
            "ipv6_cidr_block": "",
            "ipv6_cidr_block_network_border_group": "",
            "ipv6_ipam_pool_id": "",
            "ipv6_netmask_length": 0,
            "main_route_table_id": "rtb-0524f318ef048885f",
            "owner_id": "749762929334",
            "tags": null,
            "tags_all": {}
          },
          "sensitive_attributes": [],
          "private": "eyJzY2hlbWFfdmVyc2lvbiI6IjEifQ=="
        }
      ]
    },
    {
      "mode": "managed",
      "type": "aws_ecr_repository",
      "name": "my_ecr_repo",
      "provider": "provider[\"registry.terraform.io/hashicorp/aws\"]",
      "instances": [
        {
          "schema_version": 0,
          "attributes": {
            "arn": "arn:aws:ecr:us-east-1:749762929334:repository/ecommerce-repo",
            "encryption_configuration": [
              {
                "encryption_type": "AES256",
                "kms_key": ""
              }
            ],
            "force_delete": true,
            "id": "ecommerce-repo",
            "image_scanning_configuration": [
              {
                "scan_on_push": false
              }
            ],
            "image_tag_mutability": "MUTABLE",
            "name": "ecommerce-repo",
            "registry_id": "749762929334",
            "repository_url": "749762929334.dkr.ecr.us-east-1.amazonaws.com/ecommerce-repo",
            "tags": null,
            "tags_all": {},
            "timeouts": null
          },
          "sensitive_attributes": [],
          "private": "eyJlMmJmYjczMC1lY2FhLTExZTYtOGY4OC0zNDM2M2JjN2M0YzAiOnsiZGVsZXRlIjoxMjAwMDAwMDAwMDAwfX0="
        }
      ]
    },
    {
      "mode": "managed",
      "type": "aws_ecr_repository_policy",
      "name": "my_ecr_repo_policy",
      "provider": "provider[\"registry.terraform.io/hashicorp/aws\"]",
      "instances": [
        {
          "schema_version": 0,
          "attributes": {
            "id": "ecommerce-repo",
            "policy": "{\"Statement\":[{\"Action\":[\"ecr:GetDownloadUrlForLayer\",\"ecr:BatchGetImage\",\"ecr:BatchCheckLayerAvailability\",\"ecr:PutImage\",\"ecr:InitiateLayerUpload\",\"ecr:UploadLayerPart\",\"ecr:CompleteLayerUpload\"],\"Effect\":\"Allow\",\"Principal\":{\"AWS\":\"*\"},\"Sid\":\"AllowPushPull\"}],\"Version\":\"2008-10-17\"}",
            "registry_id": "749762929334",
            "repository": "ecommerce-repo"
          },
          "sensitive_attributes": [],
          "private": "bnVsbA==",
          "dependencies": [
            "aws_ecr_repository.my_ecr_repo"
          ]
        }
      ]
    },
    {
      "mode": "managed",
      "type": "aws_iam_role",
      "name": "ecsTaskExecutionRole",
      "provider": "provider[\"registry.terraform.io/hashicorp/aws\"]",
      "instances": [
        {
          "schema_version": 0,
          "attributes": {
            "arn": "arn:aws:iam::749762929334:role/ecsTaskExecutionRole",
            "assume_role_policy": "{\"Statement\":[{\"Action\":\"sts:AssumeRole\",\"Effect\":\"Allow\",\"Principal\":{\"Service\":\"ecs-tasks.amazonaws.com\"},\"Sid\":\"\"}],\"Version\":\"2012-10-17\"}",
            "create_date": "2023-05-29T17:05:28Z",
            "description": "",
            "force_detach_policies": false,
            "id": "ecsTaskExecutionRole",
            "inline_policy": [],
            "managed_policy_arns": [],
            "max_session_duration": 3600,
            "name": "ecsTaskExecutionRole",
            "name_prefix": "",
            "path": "/",
            "permissions_boundary": null,
            "role_last_used": [
              {
                "last_used_date": "",
                "region": ""
              }
            ],
            "tags": null,
            "tags_all": {},
            "unique_id": "AROA25EK2MK3EZGFU7L3A"
          },
          "sensitive_attributes": [],
          "private": "bnVsbA==",
          "dependencies": [
            "data.aws_iam_policy_document.assume_role_policy"
          ]
        }
      ]
    },
    {
      "mode": "managed",
      "type": "aws_iam_role_policy_attachment",
      "name": "ecsTaskExecutionRole_policy",
      "provider": "provider[\"registry.terraform.io/hashicorp/aws\"]",
      "instances": [
        {
          "schema_version": 0,
          "attributes": {
            "id": "ecsTaskExecutionRole-20230529170530520800000002",
            "policy_arn": "arn:aws:iam::aws:policy/service-role/AmazonECSTaskExecutionRolePolicy",
            "role": "ecsTaskExecutionRole"
          },
          "sensitive_attributes": [],
          "private": "bnVsbA==",
          "dependencies": [
            "aws_iam_role.ecsTaskExecutionRole",
            "data.aws_iam_policy_document.assume_role_policy"
          ]
        }
      ]
    },
    {
      "mode": "managed",
      "type": "aws_lb_listener",
      "name": "aws-ecommerce-listener",
      "provider": "provider[\"registry.terraform.io/hashicorp/aws\"]",
      "instances": [
        {
          "schema_version": 0,
          "attributes": {
            "alpn_policy": null,
            "arn": "arn:aws:elasticloadbalancing:us-east-1:749762929334:listener/app/aws-ecommerce-lb/de38c69887c789e5/c93f311e249ecca0",
            "certificate_arn": null,
            "default_action": [
              {
                "authenticate_cognito": [],
                "authenticate_oidc": [],
                "fixed_response": [],
                "forward": [],
                "order": 1,
                "redirect": [],
                "target_group_arn": "arn:aws:elasticloadbalancing:us-east-1:749762929334:targetgroup/target-group/25340164e3f70d0c",
                "type": "forward"
              }
            ],
            "id": "arn:aws:elasticloadbalancing:us-east-1:749762929334:listener/app/aws-ecommerce-lb/de38c69887c789e5/c93f311e249ecca0",
            "load_balancer_arn": "arn:aws:elasticloadbalancing:us-east-1:749762929334:loadbalancer/app/aws-ecommerce-lb/de38c69887c789e5",
            "port": 80,
            "protocol": "HTTP",
            "ssl_policy": "",
            "tags": null,
            "tags_all": {},
            "timeouts": null
          },
          "sensitive_attributes": [],
          "private": "eyJlMmJmYjczMC1lY2FhLTExZTYtOGY4OC0zNDM2M2JjN2M0YzAiOnsicmVhZCI6NjAwMDAwMDAwMDAwfX0=",
          "dependencies": [
            "aws_alb.aws-ecommerce-lb",
            "aws_default_subnet.default_subnet_a",
            "aws_default_subnet.default_subnet_b",
            "aws_default_subnet.default_subnet_c",
            "aws_default_vpc.default_vpc",
            "aws_lb_target_group.aws-ecommerce-target_group",
            "aws_security_group.aws-ecommerce-lb_security_group"
          ]
        }
      ]
    },
    {
      "mode": "managed",
      "type": "aws_lb_target_group",
      "name": "aws-ecommerce-target_group",
      "provider": "provider[\"registry.terraform.io/hashicorp/aws\"]",
      "instances": [
        {
          "schema_version": 0,
          "attributes": {
            "arn": "arn:aws:elasticloadbalancing:us-east-1:749762929334:targetgroup/target-group/25340164e3f70d0c",
            "arn_suffix": "targetgroup/target-group/25340164e3f70d0c",
            "connection_termination": false,
            "deregistration_delay": "300",
            "health_check": [
              {
                "enabled": true,
                "healthy_threshold": 3,
                "interval": 30,
                "matcher": "200,301,302",
                "path": "/",
                "port": "traffic-port",
                "protocol": "HTTP",
                "timeout": 5,
                "unhealthy_threshold": 3
              }
            ],
            "id": "arn:aws:elasticloadbalancing:us-east-1:749762929334:targetgroup/target-group/25340164e3f70d0c",
            "ip_address_type": "ipv4",
            "lambda_multi_value_headers_enabled": false,
            "load_balancing_algorithm_type": "round_robin",
            "load_balancing_cross_zone_enabled": "use_load_balancer_configuration",
            "name": "target-group",
            "name_prefix": null,
            "port": 80,
            "preserve_client_ip": null,
            "protocol": "HTTP",
            "protocol_version": "HTTP1",
            "proxy_protocol_v2": false,
            "slow_start": 0,
            "stickiness": [
              {
                "cookie_duration": 86400,
                "cookie_name": "",
                "enabled": false,
                "type": "lb_cookie"
              }
            ],
            "tags": null,
            "tags_all": {},
            "target_failover": [
              {
                "on_deregistration": null,
                "on_unhealthy": null
              }
            ],
            "target_type": "ip",
            "vpc_id": "vpc-0e639156a6f4820d7"
          },
          "sensitive_attributes": [],
          "private": "bnVsbA==",
          "dependencies": [
            "aws_default_vpc.default_vpc"
          ]
        }
      ]
    },
    {
      "mode": "managed",
      "type": "aws_security_group",
      "name": "aws-ecommerce-lb_security_group",
      "provider": "provider[\"registry.terraform.io/hashicorp/aws\"]",
      "instances": [
        {
          "schema_version": 1,
          "attributes": {
            "arn": "arn:aws:ec2:us-east-1:749762929334:security-group/sg-0c74c2c743cadf87e",
            "description": "Managed by Terraform",
            "egress": [
              {
                "cidr_blocks": [
                  "0.0.0.0/0"
                ],
                "description": "",
                "from_port": 0,
                "ipv6_cidr_blocks": [],
                "prefix_list_ids": [],
                "protocol": "-1",
                "security_groups": [],
                "self": false,
                "to_port": 0
              }
            ],
            "id": "sg-0c74c2c743cadf87e",
            "ingress": [
              {
                "cidr_blocks": [
                  "0.0.0.0/0"
                ],
                "description": "",
                "from_port": 80,
                "ipv6_cidr_blocks": [],
                "prefix_list_ids": [],
                "protocol": "tcp",
                "security_groups": [],
                "self": false,
                "to_port": 80
              }
            ],
            "name": "terraform-20230529170527508900000001",
            "name_prefix": "terraform-",
            "owner_id": "749762929334",
            "revoke_rules_on_delete": false,
            "tags": null,
            "tags_all": {},
            "timeouts": null,
            "vpc_id": "vpc-0e639156a6f4820d7"
          },
          "sensitive_attributes": [],
          "private": "eyJlMmJmYjczMC1lY2FhLTExZTYtOGY4OC0zNDM2M2JjN2M0YzAiOnsiY3JlYXRlIjo2MDAwMDAwMDAwMDAsImRlbGV0ZSI6OTAwMDAwMDAwMDAwfSwic2NoZW1hX3ZlcnNpb24iOiIxIn0="
        }
      ]
    },
    {
      "mode": "managed",
      "type": "null_resource",
      "name": "docker_push",
      "provider": "provider[\"registry.terraform.io/hashicorp/null\"]",
      "instances": [
        {
          "schema_version": 0,
          "attributes": {
            "id": "2476270305388899318",
            "triggers": null
          },
          "sensitive_attributes": [],
          "dependencies": [
            "aws_ecr_repository.my_ecr_repo"
          ]
        }
      ]
    }
  ],
  "check_results": null
}
